
Microsoft Visual Studio Solution File, Format Version 12.00
# Visual Studio 2013
VisualStudioVersion = 12.0.30501.0
MinimumVisualStudioVersion = 10.0.40219.1
Project("{FAE04EC0-301F-11D3-BF4B-00C04F79EFBC}") = "ECSSO", "ECSSO\ECSSO.csproj", "{355A9562-899B-4F9C-802C-C04BF54846CA}"
EndProject
Project("{FAE04EC0-301F-11D3-BF4B-00C04F79EFBC}") = "Meal", "Meal\Meal.csproj", "{A25AB48B-E6D6-42B8-97AA-CFD750A048B1}"
EndProject
Project("{FAE04EC0-301F-11D3-BF4B-00C04F79EFBC}") = "Beacon", "Beacon\Beacon.csproj", "{783F0661-FFF4-46BB-B04B-75CDF2B63B8B}"
EndProject
Global
	GlobalSection(SolutionConfigurationPlatforms) = preSolution
		Debug|Any CPU = Debug|Any CPU
		Release|Any CPU = Release|Any CPU
	EndGlobalSection
	GlobalSection(ProjectConfigurationPlatforms) = postSolution
		{355A9562-899B-4F9C-802C-C04BF54846CA}.Debug|Any CPU.ActiveCfg = Debug|Any CPU
		{355A9562-899B-4F9C-802C-C04BF54846CA}.Debug|Any CPU.Build.0 = Debug|Any CPU
		{355A9562-899B-4F9C-802C-C04BF54846CA}.Release|Any CPU.ActiveCfg = Release|Any CPU
		{355A9562-899B-4F9C-802C-C04BF54846CA}.Release|Any CPU.Build.0 = Release|Any CPU
		{A25AB48B-E6D6-42B8-97AA-CFD750A048B1}.Debug|Any CPU.ActiveCfg = Debug|Any CPU
		{A25AB48B-E6D6-42B8-97AA-CFD750A048B1}.Debug|Any CPU.Build.0 = Debug|Any CPU
		{A25AB48B-E6D6-42B8-97AA-CFD750A048B1}.Release|Any CPU.ActiveCfg = Release|Any CPU
		{A25AB48B-E6D6-42B8-97AA-CFD750A048B1}.Release|Any CPU.Build.0 = Release|Any CPU
		{783F0661-FFF4-46BB-B04B-75CDF2B63B8B}.Debug|Any CPU.ActiveCfg = Debug|Any CPU
		{783F0661-FFF4-46BB-B04B-75CDF2B63B8B}.Debug|Any CPU.Build.0 = Debug|Any CPU
		{783F0661-FFF4-46BB-B04B-75CDF2B63B8B}.Release|Any CPU.ActiveCfg = Release|Any CPU
		{783F0661-FFF4-46BB-B04B-75CDF2B63B8B}.Release|Any CPU.Build.0 = Release|Any CPU
	EndGlobalSection
	GlobalSection(SolutionProperties) = preSolution
		HideSolutionNode = FALSE
	EndGlobalSection
EndGlobal
